
Microsoft Visual Studio Solution File, Format Version 12.00
# Visual Studio Version 17
VisualStudioVersion = 17.0.31903.59
MinimumVisualStudioVersion = 10.0.40219.1
Project("{2150E333-8FDC-42A3-9474-1A3956D46DE8}") = "src", "src", "{827E0CD3-B72D-47B6-A68D-7590B98EB39B}"
EndProject
Project("{FAE04EC0-301F-11D3-BF4B-00C04F79EFBC}") = "SpendWise.Domain", "src\SpendWise.Domain\SpendWise.Domain.csproj", "{683A86A9-8773-4C04-AA89-C98EEB630EE1}"
EndProject
Project("{FAE04EC0-301F-11D3-BF4B-00C04F79EFBC}") = "SpendWise.Application", "src\SpendWise.Application\SpendWise.Application.csproj", "{CF351767-EC12-4598-9F5D-ACCE4C7558E2}"
EndProject
Project("{FAE04EC0-301F-11D3-BF4B-00C04F79EFBC}") = "SpendWise.Infrastructure", "src\SpendWise.Infrastructure\SpendWise.Infrastructure.csproj", "{2D47CB19-E2A3-44A9-9533-A36635DDAD36}"
EndProject
Project("{FAE04EC0-301F-11D3-BF4B-00C04F79EFBC}") = "SpendWise.Api", "src\SpendWise.Api\SpendWise.Api.csproj", "{81B9A2D9-EF4F-4F72-AD57-59F1443E1E38}"
EndProject
Global
	GlobalSection(SolutionConfigurationPlatforms) = preSolution
		Debug|Any CPU = Debug|Any CPU
		Debug|x64 = Debug|x64
		Debug|x86 = Debug|x86
		Release|Any CPU = Release|Any CPU
		Release|x64 = Release|x64
		Release|x86 = Release|x86
	EndGlobalSection
	GlobalSection(ProjectConfigurationPlatforms) = postSolution
		{683A86A9-8773-4C04-AA89-C98EEB630EE1}.Debug|Any CPU.ActiveCfg = Debug|Any CPU
		{683A86A9-8773-4C04-AA89-C98EEB630EE1}.Debug|Any CPU.Build.0 = Debug|Any CPU
		{683A86A9-8773-4C04-AA89-C98EEB630EE1}.Debug|x64.ActiveCfg = Debug|Any CPU
		{683A86A9-8773-4C04-AA89-C98EEB630EE1}.Debug|x64.Build.0 = Debug|Any CPU
		{683A86A9-8773-4C04-AA89-C98EEB630EE1}.Debug|x86.ActiveCfg = Debug|Any CPU
		{683A86A9-8773-4C04-AA89-C98EEB630EE1}.Debug|x86.Build.0 = Debug|Any CPU
		{683A86A9-8773-4C04-AA89-C98EEB630EE1}.Release|Any CPU.ActiveCfg = Release|Any CPU
		{683A86A9-8773-4C04-AA89-C98EEB630EE1}.Release|Any CPU.Build.0 = Release|Any CPU
		{683A86A9-8773-4C04-AA89-C98EEB630EE1}.Release|x64.ActiveCfg = Release|Any CPU
		{683A86A9-8773-4C04-AA89-C98EEB630EE1}.Release|x64.Build.0 = Release|Any CPU
		{683A86A9-8773-4C04-AA89-C98EEB630EE1}.Release|x86.ActiveCfg = Release|Any CPU
		{683A86A9-8773-4C04-AA89-C98EEB630EE1}.Release|x86.Build.0 = Release|Any CPU
		{CF351767-EC12-4598-9F5D-ACCE4C7558E2}.Debug|Any CPU.ActiveCfg = Debug|Any CPU
		{CF351767-EC12-4598-9F5D-ACCE4C7558E2}.Debug|Any CPU.Build.0 = Debug|Any CPU
		{CF351767-EC12-4598-9F5D-ACCE4C7558E2}.Debug|x64.ActiveCfg = Debug|Any CPU
		{CF351767-EC12-4598-9F5D-ACCE4C7558E2}.Debug|x64.Build.0 = Debug|Any CPU
		{CF351767-EC12-4598-9F5D-ACCE4C7558E2}.Debug|x86.ActiveCfg = Debug|Any CPU
		{CF351767-EC12-4598-9F5D-ACCE4C7558E2}.Debug|x86.Build.0 = Debug|Any CPU
		{CF351767-EC12-4598-9F5D-ACCE4C7558E2}.Release|Any CPU.ActiveCfg = Release|Any CPU
		{CF351767-EC12-4598-9F5D-ACCE4C7558E2}.Release|Any CPU.Build.0 = Release|Any CPU
		{CF351767-EC12-4598-9F5D-ACCE4C7558E2}.Release|x64.ActiveCfg = Release|Any CPU
		{CF351767-EC12-4598-9F5D-ACCE4C7558E2}.Release|x64.Build.0 = Release|Any CPU
		{CF351767-EC12-4598-9F5D-ACCE4C7558E2}.Release|x86.ActiveCfg = Release|Any CPU
		{CF351767-EC12-4598-9F5D-ACCE4C7558E2}.Release|x86.Build.0 = Release|Any CPU
		{2D47CB19-E2A3-44A9-9533-A36635DDAD36}.Debug|Any CPU.ActiveCfg = Debug|Any CPU
		{2D47CB19-E2A3-44A9-9533-A36635DDAD36}.Debug|Any CPU.Build.0 = Debug|Any CPU
		{2D47CB19-E2A3-44A9-9533-A36635DDAD36}.Debug|x64.ActiveCfg = Debug|Any CPU
		{2D47CB19-E2A3-44A9-9533-A36635DDAD36}.Debug|x64.Build.0 = Debug|Any CPU
		{2D47CB19-E2A3-44A9-9533-A36635DDAD36}.Debug|x86.ActiveCfg = Debug|Any CPU
		{2D47CB19-E2A3-44A9-9533-A36635DDAD36}.Debug|x86.Build.0 = Debug|Any CPU
		{2D47CB19-E2A3-44A9-9533-A36635DDAD36}.Release|Any CPU.ActiveCfg = Release|Any CPU
		{2D47CB19-E2A3-44A9-9533-A36635DDAD36}.Release|Any CPU.Build.0 = Release|Any CPU
		{2D47CB19-E2A3-44A9-9533-A36635DDAD36}.Release|x64.ActiveCfg = Release|Any CPU
		{2D47CB19-E2A3-44A9-9533-A36635DDAD36}.Release|x64.Build.0 = Release|Any CPU
		{2D47CB19-E2A3-44A9-9533-A36635DDAD36}.Release|x86.ActiveCfg = Release|Any CPU
		{2D47CB19-E2A3-44A9-9533-A36635DDAD36}.Release|x86.Build.0 = Release|Any CPU
		{81B9A2D9-EF4F-4F72-AD57-59F1443E1E38}.Debug|Any CPU.ActiveCfg = Debug|Any CPU
		{81B9A2D9-EF4F-4F72-AD57-59F1443E1E38}.Debug|Any CPU.Build.0 = Debug|Any CPU
		{81B9A2D9-EF4F-4F72-AD57-59F1443E1E38}.Debug|x64.ActiveCfg = Debug|Any CPU
		{81B9A2D9-EF4F-4F72-AD57-59F1443E1E38}.Debug|x64.Build.0 = Debug|Any CPU
		{81B9A2D9-EF4F-4F72-AD57-59F1443E1E38}.Debug|x86.ActiveCfg = Debug|Any CPU
		{81B9A2D9-EF4F-4F72-AD57-59F1443E1E38}.Debug|x86.Build.0 = Debug|Any CPU
		{81B9A2D9-EF4F-4F72-AD57-59F1443E1E38}.Release|Any CPU.ActiveCfg = Release|Any CPU
		{81B9A2D9-EF4F-4F72-AD57-59F1443E1E38}.Release|Any CPU.Build.0 = Release|Any CPU
		{81B9A2D9-EF4F-4F72-AD57-59F1443E1E38}.Release|x64.ActiveCfg = Release|Any CPU
		{81B9A2D9-EF4F-4F72-AD57-59F1443E1E38}.Release|x64.Build.0 = Release|Any CPU
		{81B9A2D9-EF4F-4F72-AD57-59F1443E1E38}.Release|x86.ActiveCfg = Release|Any CPU
		{81B9A2D9-EF4F-4F72-AD57-59F1443E1E38}.Release|x86.Build.0 = Release|Any CPU
	EndGlobalSection
	GlobalSection(SolutionProperties) = preSolution
		HideSolutionNode = FALSE
	EndGlobalSection
	GlobalSection(NestedProjects) = preSolution
		{683A86A9-8773-4C04-AA89-C98EEB630EE1} = {827E0CD3-B72D-47B6-A68D-7590B98EB39B}
		{CF351767-EC12-4598-9F5D-ACCE4C7558E2} = {827E0CD3-B72D-47B6-A68D-7590B98EB39B}
		{2D47CB19-E2A3-44A9-9533-A36635DDAD36} = {827E0CD3-B72D-47B6-A68D-7590B98EB39B}
		{81B9A2D9-EF4F-4F72-AD57-59F1443E1E38} = {827E0CD3-B72D-47B6-A68D-7590B98EB39B}
	EndGlobalSection
EndGlobal
